
Microsoft Visual Studio Solution File, Format Version 12.00
# Visual Studio Version 17
VisualStudioVersion = 17.9.34714.143
MinimumVisualStudioVersion = 10.0.40219.1
Project("{FAE04EC0-301F-11D3-BF4B-00C04F79EFBC}") = "CRUD_Parcial1_Progra2", "CRUD_Parcial1_Progra2\CRUD_Parcial1_Progra2.csproj", "{919D0E52-2E29-4780-AE12-93753BC50BA2}"
EndProject
Global
	GlobalSection(SolutionConfigurationPlatforms) = preSolution
		Debug|Any CPU = Debug|Any CPU
		Release|Any CPU = Release|Any CPU
	EndGlobalSection
	GlobalSection(ProjectConfigurationPlatforms) = postSolution
		{919D0E52-2E29-4780-AE12-93753BC50BA2}.Debug|Any CPU.ActiveCfg = Debug|Any CPU
		{919D0E52-2E29-4780-AE12-93753BC50BA2}.Debug|Any CPU.Build.0 = Debug|Any CPU
		{919D0E52-2E29-4780-AE12-93753BC50BA2}.Release|Any CPU.ActiveCfg = Release|Any CPU
		{919D0E52-2E29-4780-AE12-93753BC50BA2}.Release|Any CPU.Build.0 = Release|Any CPU
	EndGlobalSection
	GlobalSection(SolutionProperties) = preSolution
		HideSolutionNode = FALSE
	EndGlobalSection
	GlobalSection(ExtensibilityGlobals) = postSolution
		SolutionGuid = {3DE30975-E721-4DDD-862C-FFA1A8F3949C}
	EndGlobalSection
EndGlobal
